# This file is generated by running "yarn install" inside your project.
# Manual changes might be lost - proceed with caution!

__metadata:
  version: 6
  cacheKey: 8

"@babel/helper-plugin-utils@npm:^7.8.0":
  version: 7.21.5
  resolution: "@babel/helper-plugin-utils@npm:7.21.5"
  checksum: 6f086e9a84a50ea7df0d5639c8f9f68505af510ea3258b3c8ac8b175efdfb7f664436cb48996f71791a1350ba68f47ad3424131e8e718c5e2ad45564484cbb36
  languageName: node
  linkType: hard

"@babel/plugin-syntax-object-rest-spread@npm:^7.8.3":
  version: 7.8.3
  resolution: "@babel/plugin-syntax-object-rest-spread@npm:7.8.3"
  dependencies:
    "@babel/helper-plugin-utils": ^7.8.0
  peerDependencies:
    "@babel/core": ^7.0.0-0
  checksum: fddcf581a57f77e80eb6b981b10658421bc321ba5f0a5b754118c6a92a5448f12a0c336f77b8abf734841e102e5126d69110a306eadb03ca3e1547cab31f5cbf
  languageName: node
  linkType: hard

"base64-js@npm:^1.3.1":
  version: 1.5.1
  resolution: "base64-js@npm:1.5.1"
  checksum: 669632eb3745404c2f822a18fc3a0122d2f9a7a13f7fb8b5823ee19d1d2ff9ee5b52c53367176ea4ad093c332fd5ab4bd0ebae5a8e27917a4105a4cfc86b1005
  languageName: node
  linkType: hard

"buffer@npm:^5.4.3":
  version: 5.7.1
  resolution: "buffer@npm:5.7.1"
  dependencies:
    base64-js: ^1.3.1
    ieee754: ^1.1.13
  checksum: e2cf8429e1c4c7b8cbd30834ac09bd61da46ce35f5c22a78e6c2f04497d6d25541b16881e30a019c6fd3154150650ccee27a308eff3e26229d788bbdeb08ab84
  languageName: node
  linkType: hard

"cross-fetch@npm:^3.0.4":
  version: 3.1.5
  resolution: "cross-fetch@npm:3.1.5"
  dependencies:
    node-fetch: 2.6.7
  checksum: f6b8c6ee3ef993ace6277fd789c71b6acf1b504fd5f5c7128df4ef2f125a429e29cd62dc8c127523f04a5f2fa4771ed80e3f3d9695617f441425045f505cf3bb
  languageName: node
  linkType: hard

"eslint-config-react-app@link:../node_modules/eslint-config-react-app::locator=opencv-react-example%40workspace%3A.":
  version: 0.0.0-use.local
  resolution: "eslint-config-react-app@link:../node_modules/eslint-config-react-app::locator=opencv-react-example%40workspace%3A."
  languageName: node
  linkType: soft

"file-type@npm:^12.3.0":
  version: 12.4.2
  resolution: "file-type@npm:12.4.2"
  checksum: 67c8d7f8f032fd8cf4d14016d96567d20eeb7bf3524915f2c5d79337ca4e5338032d373a5fe827610eaf4ab7eb80629ff868331a66f63d1f9e9cc4c433e3f047
  languageName: node
  linkType: hard

"ieee754@npm:^1.1.13":
  version: 1.2.1
  resolution: "ieee754@npm:1.2.1"
  checksum: 5144c0c9815e54ada181d80a0b810221a253562422e7c6c3a60b1901154184f49326ec239d618c416c1c5945a2e197107aee8d986a3dd836b53dffefd99b5e7e
  languageName: node
  linkType: hard

"mirada@npm:^0.0.15":
  version: 0.0.15
  resolution: "mirada@npm:0.0.15"
  dependencies:
    buffer: ^5.4.3
    cross-fetch: ^3.0.4
    file-type: ^12.3.0
    misc-utils-of-mine-generic: ^0.2.31
  checksum: 9f705c1d0f35c6cfd53cb802d8a060083404ef111b3592f0204af9d18134c70be5ade14ec37673b279321d4cedc5bb67787bd4487ad599aa04b81b1e3790a3b9
  languageName: node
  linkType: hard

"misc-utils-of-mine-generic@npm:^0.2.31":
  version: 0.2.45
  resolution: "misc-utils-of-mine-generic@npm:0.2.45"
  checksum: b46c1e288000623d25372624847ea10d50b631028eade216e16fd7a7f08c71aea95200f5bcb5014c0a5e347317b1f5bfa9053597542133c60f9ae2f4187a6e7b
  languageName: node
  linkType: hard

"node-fetch@npm:2.6.7":
  version: 2.6.7
  resolution: "node-fetch@npm:2.6.7"
  dependencies:
    whatwg-url: ^5.0.0
  peerDependencies:
    encoding: ^0.1.0
  peerDependenciesMeta:
    encoding:
      optional: true
  checksum: 8d816ffd1ee22cab8301c7756ef04f3437f18dace86a1dae22cf81db8ef29c0bf6655f3215cb0cdb22b420b6fe141e64b26905e7f33f9377a7fa59135ea3e10b
  languageName: node
  linkType: hard

"opencv-react-example@workspace:.":
  version: 0.0.0-use.local
  resolution: "opencv-react-example@workspace:."
  dependencies:
    "@babel/plugin-syntax-object-rest-spread": ^7.8.3
    eslint-config-react-app: "link:../node_modules/eslint-config-react-app"
    opencv-react: "file:../"
    react: "link:../node_modules/react"
    react-dom: "link:../node_modules/react-dom"
    react-scripts: "link:../node_modules/react-scripts"
  languageName: unknown
  linkType: soft

"opencv-react@file:../::locator=opencv-react-example%40workspace%3A.":
  version: 0.0.7
  resolution: "opencv-react@file:../#../::hash=f457e0&locator=opencv-react-example%40workspace%3A."
  dependencies:
    mirada: ^0.0.15
  peerDependencies:
    react: ">=16.8.0"
  checksum: 175aef7280d59e69e913a9fe9a28870c0cdf537d7833732205d3ec3b82abe3fb37355748ad10bf8689669460078ae092454617198894eee136a5cd8b860a34f5
  languageName: node
  linkType: hard

"react-dom@link:../node_modules/react-dom::locator=opencv-react-example%40workspace%3A.":
  version: 0.0.0-use.local
  resolution: "react-dom@link:../node_modules/react-dom::locator=opencv-react-example%40workspace%3A."
  languageName: node
  linkType: soft

"react-scripts@link:../node_modules/react-scripts::locator=opencv-react-example%40workspace%3A.":
  version: 0.0.0-use.local
  resolution: "react-scripts@link:../node_modules/react-scripts::locator=opencv-react-example%40workspace%3A."
  languageName: node
  linkType: soft

"react@link:../node_modules/react::locator=opencv-react-example%40workspace%3A.":
  version: 0.0.0-use.local
  resolution: "react@link:../node_modules/react::locator=opencv-react-example%40workspace%3A."
  languageName: node
  linkType: soft

"tr46@npm:~0.0.3":
  version: 0.0.3
  resolution: "tr46@npm:0.0.3"
  checksum: 726321c5eaf41b5002e17ffbd1fb7245999a073e8979085dacd47c4b4e8068ff5777142fc6726d6ca1fd2ff16921b48788b87225cbc57c72636f6efa8efbffe3
  languageName: node
  linkType: hard

"webidl-conversions@npm:^3.0.0":
  version: 3.0.1
  resolution: "webidl-conversions@npm:3.0.1"
  checksum: c92a0a6ab95314bde9c32e1d0a6dfac83b578f8fa5f21e675bc2706ed6981bc26b7eb7e6a1fab158e5ce4adf9caa4a0aee49a52505d4d13c7be545f15021b17c
  languageName: node
  linkType: hard

"whatwg-url@npm:^5.0.0":
  version: 5.0.0
  resolution: "whatwg-url@npm:5.0.0"
  dependencies:
    tr46: ~0.0.3
    webidl-conversions: ^3.0.0
  checksum: b8daed4ad3356cc4899048a15b2c143a9aed0dfae1f611ebd55073310c7b910f522ad75d727346ad64203d7e6c79ef25eafd465f4d12775ca44b90fa82ed9e2c
  languageName: node
  linkType: hard
